
Microsoft Visual Studio Solution File, Format Version 12.00
# Visual Studio 15
VisualStudioVersion = 15.0.27130.2036
MinimumVisualStudioVersion = 10.0.40219.1
Project("{FAE04EC0-301F-11D3-BF4B-00C04F79EFBC}") = "sap", "d1\sap.csproj", "{2D03E16F-CF5D-4C16-A931-6D03DE424EDA}"
EndProject
Global
	GlobalSection(SolutionConfigurationPlatforms) = preSolution
		Debug|Any CPU = Debug|Any CPU
		Release|Any CPU = Release|Any CPU
	EndGlobalSection
	GlobalSection(ProjectConfigurationPlatforms) = postSolution
		{2D03E16F-CF5D-4C16-A931-6D03DE424EDA}.Debug|Any CPU.ActiveCfg = Debug|Any CPU
		{2D03E16F-CF5D-4C16-A931-6D03DE424EDA}.Debug|Any CPU.Build.0 = Debug|Any CPU
		{2D03E16F-CF5D-4C16-A931-6D03DE424EDA}.Release|Any CPU.ActiveCfg = Release|Any CPU
		{2D03E16F-CF5D-4C16-A931-6D03DE424EDA}.Release|Any CPU.Build.0 = Release|Any CPU
	EndGlobalSection
	GlobalSection(SolutionProperties) = preSolution
		HideSolutionNode = FALSE
	EndGlobalSection
	GlobalSection(ExtensibilityGlobals) = postSolution
		SolutionGuid = {D92E1277-FCD7-45CD-BEFF-BE3DEF9AEA59}
	EndGlobalSection
EndGlobal
